
Microsoft Visual Studio Solution File, Format Version 12.00
# Visual Studio Version 17
VisualStudioVersion = 17.13.35913.81
MinimumVisualStudioVersion = 10.0.40219.1
Project("{FAE04EC0-301F-11D3-BF4B-00C04F79EFBC}") = "MVCprog", "MVCprog\MVCprog.csproj", "{93EA1E14-96D6-4A2B-B7CA-3C58343A4D46}"
EndProject
Project("{FAE04EC0-301F-11D3-BF4B-00C04F79EFBC}") = "MVCProgTest", "MVCProgTest\MVCProgTest.csproj", "{33CA4B58-7B40-44B8-9E38-2FB253614D7A}"
EndProject
Global
	GlobalSection(SolutionConfigurationPlatforms) = preSolution
		Debug|Any CPU = Debug|Any CPU
		Release|Any CPU = Release|Any CPU
	EndGlobalSection
	GlobalSection(ProjectConfigurationPlatforms) = postSolution
		{93EA1E14-96D6-4A2B-B7CA-3C58343A4D46}.Debug|Any CPU.ActiveCfg = Debug|Any CPU
		{93EA1E14-96D6-4A2B-B7CA-3C58343A4D46}.Debug|Any CPU.Build.0 = Debug|Any CPU
		{93EA1E14-96D6-4A2B-B7CA-3C58343A4D46}.Release|Any CPU.ActiveCfg = Release|Any CPU
		{93EA1E14-96D6-4A2B-B7CA-3C58343A4D46}.Release|Any CPU.Build.0 = Release|Any CPU
		{33CA4B58-7B40-44B8-9E38-2FB253614D7A}.Debug|Any CPU.ActiveCfg = Debug|Any CPU
		{33CA4B58-7B40-44B8-9E38-2FB253614D7A}.Debug|Any CPU.Build.0 = Debug|Any CPU
		{33CA4B58-7B40-44B8-9E38-2FB253614D7A}.Release|Any CPU.ActiveCfg = Release|Any CPU
		{33CA4B58-7B40-44B8-9E38-2FB253614D7A}.Release|Any CPU.Build.0 = Release|Any CPU
	EndGlobalSection
	GlobalSection(SolutionProperties) = preSolution
		HideSolutionNode = FALSE
	EndGlobalSection
	GlobalSection(ExtensibilityGlobals) = postSolution
		SolutionGuid = {FF4707F7-0294-480F-82EE-1A00C171B965}
	EndGlobalSection
EndGlobal
